// !$*UTF8*$!
{
	archiveVersion = 1;
	classes = {
	};
	objectVersion = 46;
	objects = {

/* Begin PBXBuildFile section */
		BCF1B7971C4CFA33002BCC0B /* test2.m in Sources */ = {isa = PBXBuildFile; fileRef = BCF1B7961C4CFA33002BCC0B /* test2.m */; };
		BCF4320F1C4CEA7D0016E8FA /* main.m in Sources */ = {isa = PBXBuildFile; fileRef = BCF4320E1C4CEA7D0016E8FA /* main.m */; };
		BCF432121C4CEA7D0016E8FA /* AppDelegate.m in Sources */ = {isa = PBXBuildFile; fileRef = BCF432111C4CEA7D0016E8FA /* AppDelegate.m */; };
		BCF432151C4CEA7D0016E8FA /* ViewController.m in Sources */ = {isa = PBXBuildFile; fileRef = BCF432141C4CEA7D0016E8FA /* ViewController.m */; };
		BCF432181C4CEA7D0016E8FA /* Main.storyboard in Resources */ = {isa = PBXBuildFile; fileRef = BCF432161C4CEA7D0016E8FA /* Main.storyboard */; };
		BCF4321A1C4CEA7D0016E8FA /* Assets.xcassets in Resources */ = {isa = PBXBuildFile; fileRef = BCF432191C4CEA7D0016E8FA /* Assets.xcassets */; };
		BCF4321D1C4CEA7D0016E8FA /* LaunchScreen.storyboard in Resources */ = {isa = PBXBuildFile; fileRef = BCF4321B1C4CEA7D0016E8FA /* LaunchScreen.storyboard */; };
		BCF432281C4CEA7D0016E8FA /* testTests.m in Sources */ = {isa = PBXBuildFile; fileRef = BCF432271C4CEA7D0016E8FA /* testTests.m */; };
		BCF432331C4CEA7D0016E8FA /* testUITests.m in Sources */ = {isa = PBXBuildFile; fileRef = BCF432321C4CEA7D0016E8FA /* testUITests.m */; };
		BCF432421C4CEB100016E8FA /* test1.m in Sources */ = {isa = PBXBuildFile; fileRef = BCF432411C4CEB100016E8FA /* test1.m */; };
/* End PBXBuildFile section */

/* Begin PBXContainerItemProxy section */
		BCF432241C4CEA7D0016E8FA /* PBXContainerItemProxy */ = {
			isa = PBXContainerItemProxy;
			containerPortal = BCF432021C4CEA7D0016E8FA /* Project object */;
			proxyType = 1;
			remoteGlobalIDString = BCF432091C4CEA7D0016E8FA;
			remoteInfo = test;
		};
		BCF4322F1C4CEA7D0016E8FA /* PBXContainerItemProxy */ = {
			isa = PBXContainerItemProxy;
			containerPortal = BCF432021C4CEA7D0016E8FA /* Project object */;
			proxyType = 1;
			remoteGlobalIDString = BCF432091C4CEA7D0016E8FA;
			remoteInfo = test;
		};
/* End PBXContainerItemProxy section */

/* Begin PBXFileReference section */
		BCF1B7951C4CFA33002BCC0B /* test2.h */ = {isa = PBXFileReference; fileEncoding = 4; lastKnownFileType = sourcecode.c.h; path = test2.h; sourceTree = "<group>"; };
		BCF1B7961C4CFA33002BCC0B /* test2.m */ = {isa = PBXFileReference; fileEncoding = 4; lastKnownFileType = sourcecode.c.objc; path = test2.m; sourceTree = "<group>"; };
		BCF4320A1C4CEA7D0016E8FA /* test.app */ = {isa = PBXFileReference; explicitFileType = wrapper.application; includeInIndex = 0; path = test.app; sourceTree = BUILT_PRODUCTS_DIR; };
		BCF4320E1C4CEA7D0016E8FA /* main.m */ = {isa = PBXFileReference; lastKnownFileType = sourcecode.c.objc; path = main.m; sourceTree = "<group>"; };
		BCF432101C4CEA7D0016E8FA /* AppDelegate.h */ = {isa = PBXFileReference; lastKnownFileType = sourcecode.c.h; path = AppDelegate.h; sourceTree = "<group>"; };
		BCF432111C4CEA7D0016E8FA /* AppDelegate.m */ = {isa = PBXFileReference; lastKnownFileType = sourcecode.c.objc; path = AppDelegate.m; sourceTree = "<group>"; };
		BCF432131C4CEA7D0016E8FA /* ViewController.h */ = {isa = PBXFileReference; lastKnownFileType = sourcecode.c.h; path = ViewController.h; sourceTree = "<group>"; };
		BCF432141C4CEA7D0016E8FA /* ViewController.m */ = {isa = PBXFileReference; lastKnownFileType = sourcecode.c.objc; path = ViewController.m; sourceTree = "<group>"; };
		BCF432171C4CEA7D0016E8FA /* Base */ = {isa = PBXFileReference; lastKnownFileType = file.storyboard; name = Base; path = Base.lproj/Main.storyboard; sourceTree = "<group>"; };
		BCF432191C4CEA7D0016E8FA /* Assets.xcassets */ = {isa = PBXFileReference; lastKnownFileType = folder.assetcatalog; path = Assets.xcassets; sourceTree = "<group>"; };
		BCF4321C1C4CEA7D0016E8FA /* Base */ = {isa = PBXFileReference; lastKnownFileType = file.storyboard; name = Base; path = Base.lproj/LaunchScreen.storyboard; sourceTree = "<group>"; };
		BCF4321E1C4CEA7D0016E8FA /* Info.plist */ = {isa = PBXFileReference; lastKnownFileType = text.plist.xml; path = Info.plist; sourceTree = "<group>"; };
		BCF432231C4CEA7D0016E8FA /* testTests.xctest */ = {isa = PBXFileReference; explicitFileType = wrapper.cfbundle; includeInIndex = 0; path = testTests.xctest; sourceTree = BUILT_PRODUCTS_DIR; };
		BCF432271C4CEA7D0016E8FA /* testTests.m */ = {isa = PBXFileReference; lastKnownFileType = sourcecode.c.objc; path = testTests.m; sourceTree = "<group>"; };
		BCF432291C4CEA7D0016E8FA /* Info.plist */ = {isa = PBXFileReference; lastKnownFileType = text.plist.xml; path = Info.plist; sourceTree = "<group>"; };
		BCF4322E1C4CEA7D0016E8FA /* testUITests.xctest */ = {isa = PBXFileReference; explicitFileType = wrapper.cfbundle; includeInIndex = 0; path = testUITests.xctest; sourceTree = BUILT_PRODUCTS_DIR; };
		BCF432321C4CEA7D0016E8FA /* testUITests.m */ = {isa = PBXFileReference; lastKnownFileType = sourcecode.c.objc; path = testUITests.m; sourceTree = "<group>"; };
		BCF432341C4CEA7D0016E8FA /* Info.plist */ = {isa = PBXFileReference; lastKnownFileType = text.plist.xml; path = Info.plist; sourceTree = "<group>"; };
		BCF432401C4CEB100016E8FA /* test1.h */ = {isa = PBXFileReference; fileEncoding = 4; lastKnownFileType = sourcecode.c.h; path = test1.h; sourceTree = "<group>"; };
		BCF432411C4CEB100016E8FA /* test1.m */ = {isa = PBXFileReference; fileEncoding = 4; lastKnownFileType = sourcecode.c.objc; path = test1.m; sourceTree = "<group>"; };
/* End PBXFileReference section */

/* Begin PBXFrameworksBuildPhase section */
		BCF432071C4CEA7D0016E8FA /* Frameworks */ = {
			isa = PBXFrameworksBuildPhase;
			buildActionMask = 2147483647;
			files = (
			);
			runOnlyForDeploymentPostprocessing = 0;
		};
		BCF432201C4CEA7D0016E8FA /* Frameworks */ = {
			isa = PBXFrameworksBuildPhase;
			buildActionMask = 2147483647;
			files = (
			);
			runOnlyForDeploymentPostprocessing = 0;
		};
		BCF4322B1C4CEA7D0016E8FA /* Frameworks */ = {
			isa = PBXFrameworksBuildPhase;
			buildActionMask = 2147483647;
			files = (
			);
			runOnlyForDeploymentPostprocessing = 0;
		};
/* End PBXFrameworksBuildPhase section */

/* Begin PBXGroup section */
		BCF432011C4CEA7D0016E8FA = {
			isa = PBXGroup;
			children = (
				BCF4320C1C4CEA7D0016E8FA /* test */,
				BCF432261C4CEA7D0016E8FA /* testTests */,
				BCF432311C4CEA7D0016E8FA /* testUITests */,
				BCF4320B1C4CEA7D0016E8FA /* Products */,
			);
			sourceTree = "<group>";
		};
		BCF4320B1C4CEA7D0016E8FA /* Products */ = {
			isa = PBXGroup;
			children = (
				BCF4320A1C4CEA7D0016E8FA /* test.app */,
				BCF432231C4CEA7D0016E8FA /* testTests.xctest */,
				BCF4322E1C4CEA7D0016E8FA /* testUITests.xctest */,
			);
			name = Products;
			sourceTree = "<group>";
		};
		BCF4320C1C4CEA7D0016E8FA /* test */ = {
			isa = PBXGroup;
			children = (
				BCF432401C4CEB100016E8FA /* test1.h */,
				BCF432411C4CEB100016E8FA /* test1.m */,
				BCF1B7951C4CFA33002BCC0B /* test2.h */,
				BCF1B7961C4CFA33002BCC0B /* test2.m */,
				BCF4321B1C4CEA7D0016E8FA /* LaunchScreen.storyboard */,
				BCF432101C4CEA7D0016E8FA /* AppDelegate.h */,
				BCF432111C4CEA7D0016E8FA /* AppDelegate.m */,
				BCF432131C4CEA7D0016E8FA /* ViewController.h */,
				BCF432141C4CEA7D0016E8FA /* ViewController.m */,
				BCF432161C4CEA7D0016E8FA /* Main.storyboard */,
				BCF432191C4CEA7D0016E8FA /* Assets.xcassets */,
				BCF4321E1C4CEA7D0016E8FA /* Info.plist */,
				BCF4320D1C4CEA7D0016E8FA /* Supporting Files */,
			);
			path = test;
			sourceTree = "<group>";
		};
		BCF4320D1C4CEA7D0016E8FA /* Supporting Files */ = {
			isa = PBXGroup;
			children = (
				BCF4320E1C4CEA7D0016E8FA /* main.m */,
			);
			name = "Supporting Files";
			sourceTree = "<group>";
		};
		BCF432261C4CEA7D0016E8FA /* testTests */ = {
			isa = PBXGroup;
			children = (
				BCF432271C4CEA7D0016E8FA /* testTests.m */,
				BCF432291C4CEA7D0016E8FA /* Info.plist */,
			);
			path = testTests;
			sourceTree = "<group>";
		};
		BCF432311C4CEA7D0016E8FA /* testUITests */ = {
			isa = PBXGroup;
			children = (
				BCF432321C4CEA7D0016E8FA /* testUITests.m */,
				BCF432341C4CEA7D0016E8FA /* Info.plist */,
			);
			path = testUITests;
			sourceTree = "<group>";
		};
/* End PBXGroup section */

/* Begin PBXNativeTarget section */
		BCF432091C4CEA7D0016E8FA /* test */ = {
			isa = PBXNativeTarget;
			buildConfigurationList = BCF432371C4CEA7D0016E8FA /* Build configuration list for PBXNativeTarget "test" */;
			buildPhases = (
				BCF432061C4CEA7D0016E8FA /* Sources */,
				BCF432071C4CEA7D0016E8FA /* Frameworks */,
				BCF432081C4CEA7D0016E8FA /* Resources */,
			);
			buildRules = (
			);
			dependencies = (
			);
			name = test;
			productName = test;
			productReference = BCF4320A1C4CEA7D0016E8FA /* test.app */;
			productType = "com.apple.product-type.application";
		};
		BCF432221C4CEA7D0016E8FA /* testTests */ = {
			isa = PBXNativeTarget;
			buildConfigurationList = BCF4323A1C4CEA7D0016E8FA /* Build configuration list for PBXNativeTarget "testTests" */;
			buildPhases = (
				BCF4321F1C4CEA7D0016E8FA /* Sources */,
				BCF432201C4CEA7D0016E8FA /* Frameworks */,
				BCF432211C4CEA7D0016E8FA /* Resources */,
			);
			buildRules = (
			);
			dependencies = (
				BCF432251C4CEA7D0016E8FA /* PBXTargetDependency */,
			);
			name = testTests;
			productName = testTests;
			productReference = BCF432231C4CEA7D0016E8FA /* testTests.xctest */;
			productType = "com.apple.product-type.bundle.unit-test";
		};
		BCF4322D1C4CEA7D0016E8FA /* testUITests */ = {
			isa = PBXNativeTarget;
			buildConfigurationList = BCF4323D1C4CEA7D0016E8FA /* Build configuration list for PBXNativeTarget "testUITests" */;
			buildPhases = (
				BCF4322A1C4CEA7D0016E8FA /* Sources */,
				BCF4322B1C4CEA7D0016E8FA /* Frameworks */,
				BCF4322C1C4CEA7D0016E8FA /* Resources */,
			);
			buildRules = (
			);
			dependencies = (
				BCF432301C4CEA7D0016E8FA /* PBXTargetDependency */,
			);
			name = testUITests;
			productName = testUITests;
			productReference = BCF4322E1C4CEA7D0016E8FA /* testUITests.xctest */;
			productType = "com.apple.product-type.bundle.ui-testing";
		};
/* End PBXNativeTarget section */

/* Begin PBXProject section */
		BCF432021C4CEA7D0016E8FA /* Project object */ = {
			isa = PBXProject;
			attributes = {
				LastUpgradeCheck = 0720;
				ORGANIZATIONNAME = Adamshi;
				TargetAttributes = {
					BCF432091C4CEA7D0016E8FA = {
						CreatedOnToolsVersion = 7.2;
					};
					BCF432221C4CEA7D0016E8FA = {
						CreatedOnToolsVersion = 7.2;
						TestTargetID = BCF432091C4CEA7D0016E8FA;
					};
					BCF4322D1C4CEA7D0016E8FA = {
						CreatedOnToolsVersion = 7.2;
						TestTargetID = BCF432091C4CEA7D0016E8FA;
					};
				};
			};
			buildConfigurationList = BCF432051C4CEA7D0016E8FA /* Build configuration list for PBXProject "test" */;
			compatibilityVersion = "Xcode 3.2";
			developmentRegion = English;
			hasScannedForEncodings = 0;
			knownRegions = (
				en,
				Base,
			);
			mainGroup = BCF432011C4CEA7D0016E8FA;
			productRefGroup = BCF4320B1C4CEA7D0016E8FA /* Products */;
			projectDirPath = "";
			projectRoot = "";
			targets = (
				BCF432091C4CEA7D0016E8FA /* test */,
				BCF432221C4CEA7D0016E8FA /* testTests */,
				BCF4322D1C4CEA7D0016E8FA /* testUITests */,
			);
		};
/* End PBXProject section */

/* Begin PBXResourcesBuildPhase section */
		BCF432081C4CEA7D0016E8FA /* Resources */ = {
			isa = PBXResourcesBuildPhase;
			buildActionMask = 2147483647;
			files = (
				BCF4321D1C4CEA7D0016E8FA /* LaunchScreen.storyboard in Resources */,
				BCF4321A1C4CEA7D0016E8FA /* Assets.xcassets in Resources */,
				BCF432181C4CEA7D0016E8FA /* Main.storyboard in Resources */,
			);
			runOnlyForDeploymentPostprocessing = 0;
		};
		BCF432211C4CEA7D0016E8FA /* Resources */ = {
			isa = PBXResourcesBuildPhase;
			buildActionMask = 2147483647;
			files = (
			);
			runOnlyForDeploymentPostprocessing = 0;
		};
		BCF4322C1C4CEA7D0016E8FA /* Resources */ = {
			isa = PBXResourcesBuildPhase;
			buildActionMask = 2147483647;
			files = (
			);
			runOnlyForDeploymentPostprocessing = 0;
		};
/* End PBXResourcesBuildPhase section */

/* Begin PBXSourcesBuildPhase section */
		BCF432061C4CEA7D0016E8FA /* Sources */ = {
			isa = PBXSourcesBuildPhase;
			buildActionMask = 2147483647;
			files = (
				BCF1B7971C4CFA33002BCC0B /* test2.m in Sources */,
				BCF432151C4CEA7D0016E8FA /* ViewController.m in Sources */,
				BCF432121C4CEA7D0016E8FA /* AppDelegate.m in Sources */,
				BCF4320F1C4CEA7D0016E8FA /* main.m in Sources */,
				BCF432421C4CEB100016E8FA /* test1.m in Sources */,
			);
			runOnlyForDeploymentPostprocessing = 0;
		};
		BCF4321F1C4CEA7D0016E8FA /* Sources */ = {
			isa = PBXSourcesBuildPhase;
			buildActionMask = 2147483647;
			files = (
				BCF432281C4CEA7D0016E8FA /* testTests.m in Sources */,
			);
			runOnlyForDeploymentPostprocessing = 0;
		};
		BCF4322A1C4CEA7D0016E8FA /* Sources */ = {
			isa = PBXSourcesBuildPhase;
			buildActionMask = 2147483647;
			files = (
				BCF432331C4CEA7D0016E8FA /* testUITests.m in Sources */,
			);
			runOnlyForDeploymentPostprocessing = 0;
		};
/* End PBXSourcesBuildPhase section */

/* Begin PBXTargetDependency section */
		BCF432251C4CEA7D0016E8FA /* PBXTargetDependency */ = {
			isa = PBXTargetDependency;
			target = BCF432091C4CEA7D0016E8FA /* test */;
			targetProxy = BCF432241C4CEA7D0016E8FA /* PBXContainerItemProxy */;
		};
		BCF432301C4CEA7D0016E8FA /* PBXTargetDependency */ = {
			isa = PBXTargetDependency;
			target = BCF432091C4CEA7D0016E8FA /* test */;
			targetProxy = BCF4322F1C4CEA7D0016E8FA /* PBXContainerItemProxy */;
		};
/* End PBXTargetDependency section */

/* Begin PBXVariantGroup section */
		BCF432161C4CEA7D0016E8FA /* Main.storyboard */ = {
			isa = PBXVariantGroup;
			children = (
				BCF432171C4CEA7D0016E8FA /* Base */,
			);
			name = Main.storyboard;
			sourceTree = "<group>";
		};
		BCF4321B1C4CEA7D0016E8FA /* LaunchScreen.storyboard */ = {
			isa = PBXVariantGroup;
			children = (
				BCF4321C1C4CEA7D0016E8FA /* Base */,
			);
			name = LaunchScreen.storyboard;
			sourceTree = "<group>";
		};
/* End PBXVariantGroup section */

/* Begin XCBuildConfiguration section */
		BCF432351C4CEA7D0016E8FA /* Debug */ = {
			isa = XCBuildConfiguration;
			buildSettings = {
				ALWAYS_SEARCH_USER_PATHS = NO;
				CLANG_CXX_LANGUAGE_STANDARD = "gnu++0x";
				CLANG_CXX_LIBRARY = "libc++";
				CLANG_ENABLE_MODULES = YES;
				CLANG_ENABLE_OBJC_ARC = YES;
				CLANG_WARN_BOOL_CONVERSION = YES;
				CLANG_WARN_CONSTANT_CONVERSION = YES;
				CLANG_WARN_DIRECT_OBJC_ISA_USAGE = YES_ERROR;
				CLANG_WARN_EMPTY_BODY = YES;
				CLANG_WARN_ENUM_CONVERSION = YES;
				CLANG_WARN_INT_CONVERSION = YES;
				CLANG_WARN_OBJC_ROOT_CLASS = YES_ERROR;
				CLANG_WARN_UNREACHABLE_CODE = YES;
				CLANG_WARN__DUPLICATE_METHOD_MATCH = YES;
				"CODE_SIGN_IDENTITY[sdk=iphoneos*]" = "iPhone Developer";
				COPY_PHASE_STRIP = NO;
				DEBUG_INFORMATION_FORMAT = dwarf;
				ENABLE_STRICT_OBJC_MSGSEND = YES;
				ENABLE_TESTABILITY = YES;
				GCC_C_LANGUAGE_STANDARD = gnu99;
				GCC_DYNAMIC_NO_PIC = NO;
				GCC_NO_COMMON_BLOCKS = YES;
				GCC_OPTIMIZATION_LEVEL = 0;
				GCC_PREPROCESSOR_DEFINITIONS = (
					"DEBUG=1",
					"$(inherited)",
				);
				GCC_WARN_64_TO_32_BIT_CONVERSION = YES;
				GCC_WARN_ABOUT_RETURN_TYPE = YES_ERROR;
				GCC_WARN_UNDECLARED_SELECTOR = YES;
				GCC_WARN_UNINITIALIZED_AUTOS = YES_AGGRESSIVE;
				GCC_WARN_UNUSED_FUNCTION = YES;
				GCC_WARN_UNUSED_VARIABLE = YES;
				IPHONEOS_DEPLOYMENT_TARGET = 9.2;
				MTL_ENABLE_DEBUG_INFO = YES;
				ONLY_ACTIVE_ARCH = YES;
				SDKROOT = iphoneos;
				TARGETED_DEVICE_FAMILY = "1,2";
			};
			name = Debug;
		};
		BCF432361C4CEA7D0016E8FA /* Release */ = {
			isa = XCBuildConfiguration;
			buildSettings = {
				ALWAYS_SEARCH_USER_PATHS = NO;
				CLANG_CXX_LANGUAGE_STANDARD = "gnu++0x";
				CLANG_CXX_LIBRARY = "libc++";
				CLANG_ENABLE_MODULES = YES;
				CLANG_ENABLE_OBJC_ARC = YES;
				CLANG_WARN_BOOL_CONVERSION = YES;
				CLANG_WARN_CONSTANT_CONVERSION = YES;
				CLANG_WARN_DIRECT_OBJC_ISA_USAGE = YES_ERROR;
				CLANG_WARN_EMPTY_BODY = YES;
				CLANG_WARN_ENUM_CONVERSION = YES;
				CLANG_WARN_INT_CONVERSION = YES;
				CLANG_WARN_OBJC_ROOT_CLASS = YES_ERROR;
				CLANG_WARN_UNREACHABLE_CODE = YES;
				CLANG_WARN__DUPLICATE_METHOD_MATCH = YES;
				"CODE_SIGN_IDENTITY[sdk=iphoneos*]" = "iPhone Developer";
				COPY_PHASE_STRIP = NO;
				DEBUG_INFORMATION_FORMAT = "dwarf-with-dsym";
				ENABLE_NS_ASSERTIONS = NO;
				ENABLE_STRICT_OBJC_MSGSEND = YES;
				GCC_C_LANGUAGE_STANDARD = gnu99;
				GCC_NO_COMMON_BLOCKS = YES;
				GCC_WARN_64_TO_32_BIT_CONVERSION = YES;
				GCC_WARN_ABOUT_RETURN_TYPE = YES_ERROR;
				GCC_WARN_UNDECLARED_SELECTOR = YES;
				GCC_WARN_UNINITIALIZED_AUTOS = YES_AGGRESSIVE;
				GCC_WARN_UNUSED_FUNCTION = YES;
				GCC_WARN_UNUSED_VARIABLE = YES;
				IPHONEOS_DEPLOYMENT_TARGET = 9.2;
				MTL_ENABLE_DEBUG_INFO = NO;
				SDKROOT = iphoneos;
				TARGETED_DEVICE_FAMILY = "1,2";
				VALIDATE_PRODUCT = YES;
			};
			name = Release;
		};
		BCF432381C4CEA7D0016E8FA /* Debug */ = {
			isa = XCBuildConfiguration;
			buildSettings = {
				ASSETCATALOG_COMPILER_APPICON_NAME = AppIcon;
				INFOPLIST_FILE = test/Info.plist;
				LD_RUNPATH_SEARCH_PATHS = "$(inherited) @executable_path/Frameworks";
				PRODUCT_BUNDLE_IDENTIFIER = com.dong.test;
				PRODUCT_NAME = "$(TARGET_NAME)";
			};
			name = Debug;
		};
		BCF432391C4CEA7D0016E8FA /* Release */ = {
			isa = XCBuildConfiguration;
			buildSettings = {
				ASSETCATALOG_COMPILER_APPICON_NAME = AppIcon;
				INFOPLIST_FILE = test/Info.plist;
				LD_RUNPATH_SEARCH_PATHS = "$(inherited) @executable_path/Frameworks";
				PRODUCT_BUNDLE_IDENTIFIER = com.dong.test;
				PRODUCT_NAME = "$(TARGET_NAME)";
			};
			name = Release;
		};
		BCF4323B1C4CEA7D0016E8FA /* Debug */ = {
			isa = XCBuildConfiguration;
			buildSettings = {
				BUNDLE_LOADER = "$(TEST_HOST)";
				INFOPLIST_FILE = testTests/Info.plist;
				LD_RUNPATH_SEARCH_PATHS = "$(inherited) @executable_path/Frameworks @loader_path/Frameworks";
				PRODUCT_BUNDLE_IDENTIFIER = com.dong.testTests;
				PRODUCT_NAME = "$(TARGET_NAME)";
				TEST_HOST = "$(BUILT_PRODUCTS_DIR)/test.app/test";
			};
			name = Debug;
		};
		BCF4323C1C4CEA7D0016E8FA /* Release */ = {
			isa = XCBuildConfiguration;
			buildSettings = {
				BUNDLE_LOADER = "$(TEST_HOST)";
				INFOPLIST_FILE = testTests/Info.plist;
				LD_RUNPATH_SEARCH_PATHS = "$(inherited) @executable_path/Frameworks @loader_path/Frameworks";
				PRODUCT_BUNDLE_IDENTIFIER = com.dong.testTests;
				PRODUCT_NAME = "$(TARGET_NAME)";
				TEST_HOST = "$(BUILT_PRODUCTS_DIR)/test.app/test";
			};
			name = Release;
		};
		BCF4323E1C4CEA7D0016E8FA /* Debug */ = {
			isa = XCBuildConfiguration;
			buildSettings = {
				INFOPLIST_FILE = testUITests/Info.plist;
				LD_RUNPATH_SEARCH_PATHS = "$(inherited) @executable_path/Frameworks @loader_path/Frameworks";
				PRODUCT_BUNDLE_IDENTIFIER = com.dong.testUITests;
				PRODUCT_NAME = "$(TARGET_NAME)";
				TEST_TARGET_NAME = test;
				USES_XCTRUNNER = YES;
			};
			name = Debug;
		};
		BCF4323F1C4CEA7D0016E8FA /* Release */ = {
			isa = XCBuildConfiguration;
			buildSettings = {
				INFOPLIST_FILE = testUITests/Info.plist;
				LD_RUNPATH_SEARCH_PATHS = "$(inherited) @executable_path/Frameworks @loader_path/Frameworks";
				PRODUCT_BUNDLE_IDENTIFIER = com.dong.testUITests;
				PRODUCT_NAME = "$(TARGET_NAME)";
				TEST_TARGET_NAME = test;
				USES_XCTRUNNER = YES;
			};
			name = Release;
		};
/* End XCBuildConfiguration section */

/* Begin XCConfigurationList section */
		BCF432051C4CEA7D0016E8FA /* Build configuration list for PBXProject "test" */ = {
			isa = XCConfigurationList;
			buildConfigurations = (
				BCF432351C4CEA7D0016E8FA /* Debug */,
				BCF432361C4CEA7D0016E8FA /* Release */,
			);
			defaultConfigurationIsVisible = 0;
			defaultConfigurationName = Release;
		};
		BCF432371C4CEA7D0016E8FA /* Build configuration list for PBXNativeTarget "test" */ = {
			isa = XCConfigurationList;
			buildConfigurations = (
				BCF432381C4CEA7D0016E8FA /* Debug */,
				BCF432391C4CEA7D0016E8FA /* Release */,
			);
			defaultConfigurationIsVisible = 0;
			defaultConfigurationName = Release;
		};
		BCF4323A1C4CEA7D0016E8FA /* Build configuration list for PBXNativeTarget "testTests" */ = {
			isa = XCConfigurationList;
			buildConfigurations = (
				BCF4323B1C4CEA7D0016E8FA /* Debug */,
				BCF4323C1C4CEA7D0016E8FA /* Release */,
			);
			defaultConfigurationIsVisible = 0;
			defaultConfigurationName = Release;
		};
		BCF4323D1C4CEA7D0016E8FA /* Build configuration list for PBXNativeTarget "testUITests" */ = {
			isa = XCConfigurationList;
			buildConfigurations = (
				BCF4323E1C4CEA7D0016E8FA /* Debug */,
				BCF4323F1C4CEA7D0016E8FA /* Release */,
			);
			defaultConfigurationIsVisible = 0;
			defaultConfigurationName = Release;
		};
/* End XCConfigurationList section */
	};
	rootObject = BCF432021C4CEA7D0016E8FA /* Project object */;
}
